
Microsoft Visual Studio Solution File, Format Version 12.00
# Visual Studio Version 16
VisualStudioVersion = 16.0.30907.101
MinimumVisualStudioVersion = 10.0.40219.1
Project("{FAE04EC0-301F-11D3-BF4B-00C04F79EFBC}") = "RefAndOutKeywords", "RefAndOutKeywords\RefAndOutKeywords.csproj", "{ECE9FFF9-F05B-43AD-85DF-67EE3072DF9A}"
EndProject
Global
	GlobalSection(SolutionConfigurationPlatforms) = preSolution
		Debug|Any CPU = Debug|Any CPU
		Release|Any CPU = Release|Any CPU
	EndGlobalSection
	GlobalSection(ProjectConfigurationPlatforms) = postSolution
		{ECE9FFF9-F05B-43AD-85DF-67EE3072DF9A}.Debug|Any CPU.ActiveCfg = Debug|Any CPU
		{ECE9FFF9-F05B-43AD-85DF-67EE3072DF9A}.Debug|Any CPU.Build.0 = Debug|Any CPU
		{ECE9FFF9-F05B-43AD-85DF-67EE3072DF9A}.Release|Any CPU.ActiveCfg = Release|Any CPU
		{ECE9FFF9-F05B-43AD-85DF-67EE3072DF9A}.Release|Any CPU.Build.0 = Release|Any CPU
	EndGlobalSection
	GlobalSection(SolutionProperties) = preSolution
		HideSolutionNode = FALSE
	EndGlobalSection
	GlobalSection(ExtensibilityGlobals) = postSolution
		SolutionGuid = {1D4F1ED0-9876-4BBE-87C5-FC588A47ADEB}
	EndGlobalSection
EndGlobal
